<?xml version="1.0" encoding="UTF-8" standalone="yes" ?>
<CodeBlocks_project_file>
	<FileVersion major="1" minor="6" />
	<Project>
		<Option title="cpp" />
		<Option pch_mode="2" />
		<Option compiler="gcc" />
		<Build>
			<Target title="Debug">
				<Option output="bin/Debug/cpp" prefix_auto="1" extension_auto="1" />
				<Option working_dir="bin" />
				<Option object_output="obj/Debug/" />
				<Option type="1" />
				<Option compiler="gcc" />
				<Compiler>
					<Add option="-std=c++11" />
					<Add option="-g" />
					<Add directory="../../../armadillo-6.400.3/include" />
				</Compiler>
				<Linker>
					<Add library="blas" />
					<Add library="lapack" />
				</Linker>
			</Target>
			<Target title="Release">
				<Option output="bin/Release/cpp" prefix_auto="1" extension_auto="1" />
				<Option working_dir="bin" />
				<Option object_output="obj/Release/" />
				<Option type="1" />
				<Option compiler="gcc" />
				<Compiler>
					<Add option="-O2" />
					<Add option="-std=c++11" />
					<Add directory="../../../armadillo-6.400.3/include" />
				</Compiler>
				<Linker>
					<Add option="-s" />
					<Add library="blas" />
					<Add library="lapack" />
				</Linker>
			</Target>
		</Build>
		<Compiler>
			<Add option="-Wall" />
		</Compiler>
		<Unit filename="src/Contour.cpp" />
		<Unit filename="src/Contour.h" />
		<Unit filename="src/Contours.cpp" />
		<Unit filename="src/Contours.h" />
		<Unit filename="src/Mrpt.cpp" />
		<Unit filename="src/Mrpt.h" />
		<Unit filename="src/Result.cpp" />
		<Unit filename="src/Result.h" />
		<Unit filename="src/knn.cpp" />
		<Unit filename="src/knn.h" />
		<Unit filename="src/main.cpp" />
		<Extensions>
			<envvars />
			<code_completion />
			<lib_finder disable_auto="1" />
			<debugger />
		</Extensions>
	</Project>
</CodeBlocks_project_file>
